
Microsoft Visual Studio Solution File, Format Version 12.00
# Visual Studio Version 17
VisualStudioVersion = 17.4.33205.214
MinimumVisualStudioVersion = 10.0.40219.1
Project("{FAE04EC0-301F-11D3-BF4B-00C04F79EFBC}") = "BitcoinTxWatcher", "BitcoinTxWatcher\BitcoinTxWatcher.csproj", "{FF26DCF7-4C48-42FE-86BA-1D697F11DDF2}"
EndProject
Global
	GlobalSection(SolutionConfigurationPlatforms) = preSolution
		Debug|Any CPU = Debug|Any CPU
		Release|Any CPU = Release|Any CPU
	EndGlobalSection
	GlobalSection(ProjectConfigurationPlatforms) = postSolution
		{FF26DCF7-4C48-42FE-86BA-1D697F11DDF2}.Debug|Any CPU.ActiveCfg = Debug|Any CPU
		{FF26DCF7-4C48-42FE-86BA-1D697F11DDF2}.Debug|Any CPU.Build.0 = Debug|Any CPU
		{FF26DCF7-4C48-42FE-86BA-1D697F11DDF2}.Release|Any CPU.ActiveCfg = Release|Any CPU
		{FF26DCF7-4C48-42FE-86BA-1D697F11DDF2}.Release|Any CPU.Build.0 = Release|Any CPU
	EndGlobalSection
	GlobalSection(SolutionProperties) = preSolution
		HideSolutionNode = FALSE
	EndGlobalSection
	GlobalSection(ExtensibilityGlobals) = postSolution
		SolutionGuid = {B2052150-9703-43B0-8CA0-7E26F958EC03}
	EndGlobalSection
EndGlobal
